
Microsoft Visual Studio Solution File, Format Version 12.00
# Visual Studio Version 17
VisualStudioVersion = 17.0.32014.148
MinimumVisualStudioVersion = 10.0.40219.1
Project("{FAE04EC0-301F-11D3-BF4B-00C04F79EFBC}") = "PublishHistory", "src\PublishHistory\PublishHistory.csproj", "{E3940FB7-D9B5-4739-8087-19A77C69D9C3}"
EndProject
Project("{CAA73BB0-EF22-4D79-A57E-DF67B3BA9C80}") = "PublishHistory.Master", "src\PublishHistory.Master\PublishHistory.Master.scproj", "{3B5BB046-D174-4FD0-BC28-797C8E055927}"
EndProject
Global
	GlobalSection(SolutionConfigurationPlatforms) = preSolution
		Debug|Any CPU = Debug|Any CPU
		Release|Any CPU = Release|Any CPU
	EndGlobalSection
	GlobalSection(ProjectConfigurationPlatforms) = postSolution
		{E3940FB7-D9B5-4739-8087-19A77C69D9C3}.Debug|Any CPU.ActiveCfg = Debug|Any CPU
		{E3940FB7-D9B5-4739-8087-19A77C69D9C3}.Debug|Any CPU.Build.0 = Debug|Any CPU
		{E3940FB7-D9B5-4739-8087-19A77C69D9C3}.Release|Any CPU.ActiveCfg = Release|Any CPU
		{E3940FB7-D9B5-4739-8087-19A77C69D9C3}.Release|Any CPU.Build.0 = Release|Any CPU
		{3B5BB046-D174-4FD0-BC28-797C8E055927}.Debug|Any CPU.ActiveCfg = Debug|Any CPU
		{3B5BB046-D174-4FD0-BC28-797C8E055927}.Debug|Any CPU.Build.0 = Debug|Any CPU
		{3B5BB046-D174-4FD0-BC28-797C8E055927}.Debug|Any CPU.Deploy.0 = Debug|Any CPU
		{3B5BB046-D174-4FD0-BC28-797C8E055927}.Release|Any CPU.ActiveCfg = Release|Any CPU
		{3B5BB046-D174-4FD0-BC28-797C8E055927}.Release|Any CPU.Build.0 = Release|Any CPU
		{3B5BB046-D174-4FD0-BC28-797C8E055927}.Release|Any CPU.Deploy.0 = Release|Any CPU
	EndGlobalSection
	GlobalSection(SolutionProperties) = preSolution
		HideSolutionNode = FALSE
	EndGlobalSection
	GlobalSection(ExtensibilityGlobals) = postSolution
		SolutionGuid = {8DFBB0B7-30BA-43D6-A715-227B6ED9F3A5}
	EndGlobalSection
EndGlobal
